
Microsoft Visual Studio Solution File, Format Version 12.00
# Visual Studio Version 16
VisualStudioVersion = 16.0.28803.202
MinimumVisualStudioVersion = 10.0.40219.1
Project("{FAE04EC0-301F-11D3-BF4B-00C04F79EFBC}") = "PneusCheiroso", "PneusCheiroso\PneusCheiroso.csproj", "{84240AC7-1FD9-4C7F-A11E-C4B73130FC8F}"
EndProject
Project("{9A19103F-16F7-4668-BE54-9A1E7A4F7556}") = "PneusCheiroso.Dominio", "PneusCheiroso.Dominio\PneusCheiroso.Dominio.csproj", "{B2D6A1AF-F3D0-4321-9244-C78AF3F0F6E9}"
EndProject
Project("{9A19103F-16F7-4668-BE54-9A1E7A4F7556}") = "PneusCheiroso.Repositorio", "PneusCheiro.Repositorio\PneusCheiroso.Repositorio.csproj", "{5546A9FE-9BFE-41BF-9B3C-6D755729BDBC}"
EndProject
Global
	GlobalSection(SolutionConfigurationPlatforms) = preSolution
		Debug|Any CPU = Debug|Any CPU
		Release|Any CPU = Release|Any CPU
	EndGlobalSection
	GlobalSection(ProjectConfigurationPlatforms) = postSolution
		{84240AC7-1FD9-4C7F-A11E-C4B73130FC8F}.Debug|Any CPU.ActiveCfg = Debug|Any CPU
		{84240AC7-1FD9-4C7F-A11E-C4B73130FC8F}.Debug|Any CPU.Build.0 = Debug|Any CPU
		{84240AC7-1FD9-4C7F-A11E-C4B73130FC8F}.Release|Any CPU.ActiveCfg = Release|Any CPU
		{84240AC7-1FD9-4C7F-A11E-C4B73130FC8F}.Release|Any CPU.Build.0 = Release|Any CPU
		{B2D6A1AF-F3D0-4321-9244-C78AF3F0F6E9}.Debug|Any CPU.ActiveCfg = Debug|Any CPU
		{B2D6A1AF-F3D0-4321-9244-C78AF3F0F6E9}.Debug|Any CPU.Build.0 = Debug|Any CPU
		{B2D6A1AF-F3D0-4321-9244-C78AF3F0F6E9}.Release|Any CPU.ActiveCfg = Release|Any CPU
		{B2D6A1AF-F3D0-4321-9244-C78AF3F0F6E9}.Release|Any CPU.Build.0 = Release|Any CPU
		{5546A9FE-9BFE-41BF-9B3C-6D755729BDBC}.Debug|Any CPU.ActiveCfg = Debug|Any CPU
		{5546A9FE-9BFE-41BF-9B3C-6D755729BDBC}.Debug|Any CPU.Build.0 = Debug|Any CPU
		{5546A9FE-9BFE-41BF-9B3C-6D755729BDBC}.Release|Any CPU.ActiveCfg = Release|Any CPU
		{5546A9FE-9BFE-41BF-9B3C-6D755729BDBC}.Release|Any CPU.Build.0 = Release|Any CPU
	EndGlobalSection
	GlobalSection(SolutionProperties) = preSolution
		HideSolutionNode = FALSE
	EndGlobalSection
	GlobalSection(ExtensibilityGlobals) = postSolution
		SolutionGuid = {A09DF6FA-59B9-4AA9-8F13-DE30AC65B1F5}
	EndGlobalSection
EndGlobal
